
Microsoft Visual Studio Solution File, Format Version 12.00
# Visual Studio 14
VisualStudioVersion = 14.0.24720.0
MinimumVisualStudioVersion = 10.0.40219.1
Project("{D954291E-2A0B-460D-934E-DC6B0785DB48}") = "EmailsEditor", "EmailsEditor\EmailsEditor.shproj", "{6C896137-9450-43D6-98B4-B08583EA807F}"
EndProject
Global
	GlobalSection(SharedMSBuildProjectFiles) = preSolution
		EmailsEditor\EmailsEditor.projitems*{6c896137-9450-43d6-98b4-b08583ea807f}*SharedItemsImports = 13
	EndGlobalSection
	GlobalSection(SolutionProperties) = preSolution
		HideSolutionNode = FALSE
	EndGlobalSection
EndGlobal
